
Microsoft Visual Studio Solution File, Format Version 12.00
# Visual Studio Version 16
VisualStudioVersion = 16.0.30028.174
MinimumVisualStudioVersion = 15.0.26124.0
Project("{9A19103F-16F7-4668-BE54-9A1E7A4F7556}") = "UserManagementData", "UserManagementData\UserManagementData.csproj", "{91C4D4A1-47E4-4D0F-84DF-59B418399072}"
EndProject
Project("{9A19103F-16F7-4668-BE54-9A1E7A4F7556}") = "MicroservicesProjectLibrary", "MicroservicesProjectLibrary\MicroservicesProjectLibrary.csproj", "{FBF64D9C-5650-41F9-91DA-1952BE3F7C8B}"
EndProject
Project("{9A19103F-16F7-4668-BE54-9A1E7A4F7556}") = "UserManagementIntegrationEvents", "UserManagementIntegrationEvents\UserManagementIntegrationEvents.csproj", "{A306AF29-455C-4864-898A-B597C8C3C6A1}"
EndProject
Project("{9A19103F-16F7-4668-BE54-9A1E7A4F7556}") = "UserManagementWebApi", "UserManagementWebApi\UserManagementWebApi.csproj", "{F2F861DF-3DE2-4B21-A274-BEA5D47DFE33}"
EndProject
Project("{9A19103F-16F7-4668-BE54-9A1E7A4F7556}") = "UserManagementGrpcService", "UserManagementGrpcService\UserManagementGrpcService.csproj", "{9E2D0012-6F39-4479-9D8F-B951F076669F}"
EndProject
Project("{2150E333-8FDC-42A3-9474-1A3956D46DE8}") = "UserManagement", "UserManagement", "{3E679EF6-BCC6-4FB0-A62F-F51F7684D736}"
EndProject
Project("{2150E333-8FDC-42A3-9474-1A3956D46DE8}") = "WidgetManagement", "WidgetManagement", "{624234F3-45AA-4089-90B8-211202B51564}"
EndProject
Project("{FAE04EC0-301F-11D3-BF4B-00C04F79EFBC}") = "WidgetManagementData", "WidgetManagementData\WidgetManagementData.csproj", "{5F410CB6-7D9D-4FA5-A49F-6E499EB4ECFE}"
EndProject
Project("{FAE04EC0-301F-11D3-BF4B-00C04F79EFBC}") = "WidgetManagementWebApi", "WidgetManagementWebApi\WidgetManagementWebApi.csproj", "{AB63C25D-C71B-470A-B39B-B7624A032C4F}"
EndProject
Project("{FAE04EC0-301F-11D3-BF4B-00C04F79EFBC}") = "WidgetManagementGrpcService", "WidgetManagementGrpcService\WidgetManagementGrpcService.csproj", "{29BAFA47-CC9B-4BCC-810D-FB4EC6459DC7}"
EndProject
Project("{FAE04EC0-301F-11D3-BF4B-00C04F79EFBC}") = "WidgetManagementIntegrationEvents", "WidgetManagementIntegrationEvents\WidgetManagementIntegrationEvents.csproj", "{B95165D1-AC4A-4C46-9743-7F690E311798}"
EndProject
Project("{FAE04EC0-301F-11D3-BF4B-00C04F79EFBC}") = "WidgetManagementConstants", "WidgetManagementConstants\WidgetManagementConstants.csproj", "{053202CA-D1DD-4873-A6AC-D21F71317285}"
EndProject
Global
	GlobalSection(SolutionConfigurationPlatforms) = preSolution
		Debug|Any CPU = Debug|Any CPU
		Debug|x64 = Debug|x64
		Debug|x86 = Debug|x86
		Release|Any CPU = Release|Any CPU
		Release|x64 = Release|x64
		Release|x86 = Release|x86
	EndGlobalSection
	GlobalSection(ProjectConfigurationPlatforms) = postSolution
		{91C4D4A1-47E4-4D0F-84DF-59B418399072}.Debug|Any CPU.ActiveCfg = Debug|Any CPU
		{91C4D4A1-47E4-4D0F-84DF-59B418399072}.Debug|Any CPU.Build.0 = Debug|Any CPU
		{91C4D4A1-47E4-4D0F-84DF-59B418399072}.Debug|x64.ActiveCfg = Debug|Any CPU
		{91C4D4A1-47E4-4D0F-84DF-59B418399072}.Debug|x64.Build.0 = Debug|Any CPU
		{91C4D4A1-47E4-4D0F-84DF-59B418399072}.Debug|x86.ActiveCfg = Debug|Any CPU
		{91C4D4A1-47E4-4D0F-84DF-59B418399072}.Debug|x86.Build.0 = Debug|Any CPU
		{91C4D4A1-47E4-4D0F-84DF-59B418399072}.Release|Any CPU.ActiveCfg = Release|Any CPU
		{91C4D4A1-47E4-4D0F-84DF-59B418399072}.Release|Any CPU.Build.0 = Release|Any CPU
		{91C4D4A1-47E4-4D0F-84DF-59B418399072}.Release|x64.ActiveCfg = Release|Any CPU
		{91C4D4A1-47E4-4D0F-84DF-59B418399072}.Release|x64.Build.0 = Release|Any CPU
		{91C4D4A1-47E4-4D0F-84DF-59B418399072}.Release|x86.ActiveCfg = Release|Any CPU
		{91C4D4A1-47E4-4D0F-84DF-59B418399072}.Release|x86.Build.0 = Release|Any CPU
		{FBF64D9C-5650-41F9-91DA-1952BE3F7C8B}.Debug|Any CPU.ActiveCfg = Debug|Any CPU
		{FBF64D9C-5650-41F9-91DA-1952BE3F7C8B}.Debug|Any CPU.Build.0 = Debug|Any CPU
		{FBF64D9C-5650-41F9-91DA-1952BE3F7C8B}.Debug|x64.ActiveCfg = Debug|Any CPU
		{FBF64D9C-5650-41F9-91DA-1952BE3F7C8B}.Debug|x64.Build.0 = Debug|Any CPU
		{FBF64D9C-5650-41F9-91DA-1952BE3F7C8B}.Debug|x86.ActiveCfg = Debug|Any CPU
		{FBF64D9C-5650-41F9-91DA-1952BE3F7C8B}.Debug|x86.Build.0 = Debug|Any CPU
		{FBF64D9C-5650-41F9-91DA-1952BE3F7C8B}.Release|Any CPU.ActiveCfg = Release|Any CPU
		{FBF64D9C-5650-41F9-91DA-1952BE3F7C8B}.Release|Any CPU.Build.0 = Release|Any CPU
		{FBF64D9C-5650-41F9-91DA-1952BE3F7C8B}.Release|x64.ActiveCfg = Release|Any CPU
		{FBF64D9C-5650-41F9-91DA-1952BE3F7C8B}.Release|x64.Build.0 = Release|Any CPU
		{FBF64D9C-5650-41F9-91DA-1952BE3F7C8B}.Release|x86.ActiveCfg = Release|Any CPU
		{FBF64D9C-5650-41F9-91DA-1952BE3F7C8B}.Release|x86.Build.0 = Release|Any CPU
		{A306AF29-455C-4864-898A-B597C8C3C6A1}.Debug|Any CPU.ActiveCfg = Debug|Any CPU
		{A306AF29-455C-4864-898A-B597C8C3C6A1}.Debug|Any CPU.Build.0 = Debug|Any CPU
		{A306AF29-455C-4864-898A-B597C8C3C6A1}.Debug|x64.ActiveCfg = Debug|Any CPU
		{A306AF29-455C-4864-898A-B597C8C3C6A1}.Debug|x64.Build.0 = Debug|Any CPU
		{A306AF29-455C-4864-898A-B597C8C3C6A1}.Debug|x86.ActiveCfg = Debug|Any CPU
		{A306AF29-455C-4864-898A-B597C8C3C6A1}.Debug|x86.Build.0 = Debug|Any CPU
		{A306AF29-455C-4864-898A-B597C8C3C6A1}.Release|Any CPU.ActiveCfg = Release|Any CPU
		{A306AF29-455C-4864-898A-B597C8C3C6A1}.Release|Any CPU.Build.0 = Release|Any CPU
		{A306AF29-455C-4864-898A-B597C8C3C6A1}.Release|x64.ActiveCfg = Release|Any CPU
		{A306AF29-455C-4864-898A-B597C8C3C6A1}.Release|x64.Build.0 = Release|Any CPU
		{A306AF29-455C-4864-898A-B597C8C3C6A1}.Release|x86.ActiveCfg = Release|Any CPU
		{A306AF29-455C-4864-898A-B597C8C3C6A1}.Release|x86.Build.0 = Release|Any CPU
		{F2F861DF-3DE2-4B21-A274-BEA5D47DFE33}.Debug|Any CPU.ActiveCfg = Debug|Any CPU
		{F2F861DF-3DE2-4B21-A274-BEA5D47DFE33}.Debug|Any CPU.Build.0 = Debug|Any CPU
		{F2F861DF-3DE2-4B21-A274-BEA5D47DFE33}.Debug|x64.ActiveCfg = Debug|Any CPU
		{F2F861DF-3DE2-4B21-A274-BEA5D47DFE33}.Debug|x64.Build.0 = Debug|Any CPU
		{F2F861DF-3DE2-4B21-A274-BEA5D47DFE33}.Debug|x86.ActiveCfg = Debug|Any CPU
		{F2F861DF-3DE2-4B21-A274-BEA5D47DFE33}.Debug|x86.Build.0 = Debug|Any CPU
		{F2F861DF-3DE2-4B21-A274-BEA5D47DFE33}.Release|Any CPU.ActiveCfg = Release|Any CPU
		{F2F861DF-3DE2-4B21-A274-BEA5D47DFE33}.Release|Any CPU.Build.0 = Release|Any CPU
		{F2F861DF-3DE2-4B21-A274-BEA5D47DFE33}.Release|x64.ActiveCfg = Release|Any CPU
		{F2F861DF-3DE2-4B21-A274-BEA5D47DFE33}.Release|x64.Build.0 = Release|Any CPU
		{F2F861DF-3DE2-4B21-A274-BEA5D47DFE33}.Release|x86.ActiveCfg = Release|Any CPU
		{F2F861DF-3DE2-4B21-A274-BEA5D47DFE33}.Release|x86.Build.0 = Release|Any CPU
		{9E2D0012-6F39-4479-9D8F-B951F076669F}.Debug|Any CPU.ActiveCfg = Debug|Any CPU
		{9E2D0012-6F39-4479-9D8F-B951F076669F}.Debug|Any CPU.Build.0 = Debug|Any CPU
		{9E2D0012-6F39-4479-9D8F-B951F076669F}.Debug|x64.ActiveCfg = Debug|Any CPU
		{9E2D0012-6F39-4479-9D8F-B951F076669F}.Debug|x64.Build.0 = Debug|Any CPU
		{9E2D0012-6F39-4479-9D8F-B951F076669F}.Debug|x86.ActiveCfg = Debug|Any CPU
		{9E2D0012-6F39-4479-9D8F-B951F076669F}.Debug|x86.Build.0 = Debug|Any CPU
		{9E2D0012-6F39-4479-9D8F-B951F076669F}.Release|Any CPU.ActiveCfg = Release|Any CPU
		{9E2D0012-6F39-4479-9D8F-B951F076669F}.Release|Any CPU.Build.0 = Release|Any CPU
		{9E2D0012-6F39-4479-9D8F-B951F076669F}.Release|x64.ActiveCfg = Release|Any CPU
		{9E2D0012-6F39-4479-9D8F-B951F076669F}.Release|x64.Build.0 = Release|Any CPU
		{9E2D0012-6F39-4479-9D8F-B951F076669F}.Release|x86.ActiveCfg = Release|Any CPU
		{9E2D0012-6F39-4479-9D8F-B951F076669F}.Release|x86.Build.0 = Release|Any CPU
		{5F410CB6-7D9D-4FA5-A49F-6E499EB4ECFE}.Debug|Any CPU.ActiveCfg = Debug|Any CPU
		{5F410CB6-7D9D-4FA5-A49F-6E499EB4ECFE}.Debug|Any CPU.Build.0 = Debug|Any CPU
		{5F410CB6-7D9D-4FA5-A49F-6E499EB4ECFE}.Debug|x64.ActiveCfg = Debug|Any CPU
		{5F410CB6-7D9D-4FA5-A49F-6E499EB4ECFE}.Debug|x64.Build.0 = Debug|Any CPU
		{5F410CB6-7D9D-4FA5-A49F-6E499EB4ECFE}.Debug|x86.ActiveCfg = Debug|Any CPU
		{5F410CB6-7D9D-4FA5-A49F-6E499EB4ECFE}.Debug|x86.Build.0 = Debug|Any CPU
		{5F410CB6-7D9D-4FA5-A49F-6E499EB4ECFE}.Release|Any CPU.ActiveCfg = Release|Any CPU
		{5F410CB6-7D9D-4FA5-A49F-6E499EB4ECFE}.Release|Any CPU.Build.0 = Release|Any CPU
		{5F410CB6-7D9D-4FA5-A49F-6E499EB4ECFE}.Release|x64.ActiveCfg = Release|Any CPU
		{5F410CB6-7D9D-4FA5-A49F-6E499EB4ECFE}.Release|x64.Build.0 = Release|Any CPU
		{5F410CB6-7D9D-4FA5-A49F-6E499EB4ECFE}.Release|x86.ActiveCfg = Release|Any CPU
		{5F410CB6-7D9D-4FA5-A49F-6E499EB4ECFE}.Release|x86.Build.0 = Release|Any CPU
		{AB63C25D-C71B-470A-B39B-B7624A032C4F}.Debug|Any CPU.ActiveCfg = Debug|Any CPU
		{AB63C25D-C71B-470A-B39B-B7624A032C4F}.Debug|Any CPU.Build.0 = Debug|Any CPU
		{AB63C25D-C71B-470A-B39B-B7624A032C4F}.Debug|x64.ActiveCfg = Debug|Any CPU
		{AB63C25D-C71B-470A-B39B-B7624A032C4F}.Debug|x64.Build.0 = Debug|Any CPU
		{AB63C25D-C71B-470A-B39B-B7624A032C4F}.Debug|x86.ActiveCfg = Debug|Any CPU
		{AB63C25D-C71B-470A-B39B-B7624A032C4F}.Debug|x86.Build.0 = Debug|Any CPU
		{AB63C25D-C71B-470A-B39B-B7624A032C4F}.Release|Any CPU.ActiveCfg = Release|Any CPU
		{AB63C25D-C71B-470A-B39B-B7624A032C4F}.Release|Any CPU.Build.0 = Release|Any CPU
		{AB63C25D-C71B-470A-B39B-B7624A032C4F}.Release|x64.ActiveCfg = Release|Any CPU
		{AB63C25D-C71B-470A-B39B-B7624A032C4F}.Release|x64.Build.0 = Release|Any CPU
		{AB63C25D-C71B-470A-B39B-B7624A032C4F}.Release|x86.ActiveCfg = Release|Any CPU
		{AB63C25D-C71B-470A-B39B-B7624A032C4F}.Release|x86.Build.0 = Release|Any CPU
		{29BAFA47-CC9B-4BCC-810D-FB4EC6459DC7}.Debug|Any CPU.ActiveCfg = Debug|Any CPU
		{29BAFA47-CC9B-4BCC-810D-FB4EC6459DC7}.Debug|Any CPU.Build.0 = Debug|Any CPU
		{29BAFA47-CC9B-4BCC-810D-FB4EC6459DC7}.Debug|x64.ActiveCfg = Debug|Any CPU
		{29BAFA47-CC9B-4BCC-810D-FB4EC6459DC7}.Debug|x64.Build.0 = Debug|Any CPU
		{29BAFA47-CC9B-4BCC-810D-FB4EC6459DC7}.Debug|x86.ActiveCfg = Debug|Any CPU
		{29BAFA47-CC9B-4BCC-810D-FB4EC6459DC7}.Debug|x86.Build.0 = Debug|Any CPU
		{29BAFA47-CC9B-4BCC-810D-FB4EC6459DC7}.Release|Any CPU.ActiveCfg = Release|Any CPU
		{29BAFA47-CC9B-4BCC-810D-FB4EC6459DC7}.Release|Any CPU.Build.0 = Release|Any CPU
		{29BAFA47-CC9B-4BCC-810D-FB4EC6459DC7}.Release|x64.ActiveCfg = Release|Any CPU
		{29BAFA47-CC9B-4BCC-810D-FB4EC6459DC7}.Release|x64.Build.0 = Release|Any CPU
		{29BAFA47-CC9B-4BCC-810D-FB4EC6459DC7}.Release|x86.ActiveCfg = Release|Any CPU
		{29BAFA47-CC9B-4BCC-810D-FB4EC6459DC7}.Release|x86.Build.0 = Release|Any CPU
		{B95165D1-AC4A-4C46-9743-7F690E311798}.Debug|Any CPU.ActiveCfg = Debug|Any CPU
		{B95165D1-AC4A-4C46-9743-7F690E311798}.Debug|Any CPU.Build.0 = Debug|Any CPU
		{B95165D1-AC4A-4C46-9743-7F690E311798}.Debug|x64.ActiveCfg = Debug|Any CPU
		{B95165D1-AC4A-4C46-9743-7F690E311798}.Debug|x64.Build.0 = Debug|Any CPU
		{B95165D1-AC4A-4C46-9743-7F690E311798}.Debug|x86.ActiveCfg = Debug|Any CPU
		{B95165D1-AC4A-4C46-9743-7F690E311798}.Debug|x86.Build.0 = Debug|Any CPU
		{B95165D1-AC4A-4C46-9743-7F690E311798}.Release|Any CPU.ActiveCfg = Release|Any CPU
		{B95165D1-AC4A-4C46-9743-7F690E311798}.Release|Any CPU.Build.0 = Release|Any CPU
		{B95165D1-AC4A-4C46-9743-7F690E311798}.Release|x64.ActiveCfg = Release|Any CPU
		{B95165D1-AC4A-4C46-9743-7F690E311798}.Release|x64.Build.0 = Release|Any CPU
		{B95165D1-AC4A-4C46-9743-7F690E311798}.Release|x86.ActiveCfg = Release|Any CPU
		{B95165D1-AC4A-4C46-9743-7F690E311798}.Release|x86.Build.0 = Release|Any CPU
		{053202CA-D1DD-4873-A6AC-D21F71317285}.Debug|Any CPU.ActiveCfg = Debug|Any CPU
		{053202CA-D1DD-4873-A6AC-D21F71317285}.Debug|Any CPU.Build.0 = Debug|Any CPU
		{053202CA-D1DD-4873-A6AC-D21F71317285}.Debug|x64.ActiveCfg = Debug|Any CPU
		{053202CA-D1DD-4873-A6AC-D21F71317285}.Debug|x64.Build.0 = Debug|Any CPU
		{053202CA-D1DD-4873-A6AC-D21F71317285}.Debug|x86.ActiveCfg = Debug|Any CPU
		{053202CA-D1DD-4873-A6AC-D21F71317285}.Debug|x86.Build.0 = Debug|Any CPU
		{053202CA-D1DD-4873-A6AC-D21F71317285}.Release|Any CPU.ActiveCfg = Release|Any CPU
		{053202CA-D1DD-4873-A6AC-D21F71317285}.Release|Any CPU.Build.0 = Release|Any CPU
		{053202CA-D1DD-4873-A6AC-D21F71317285}.Release|x64.ActiveCfg = Release|Any CPU
		{053202CA-D1DD-4873-A6AC-D21F71317285}.Release|x64.Build.0 = Release|Any CPU
		{053202CA-D1DD-4873-A6AC-D21F71317285}.Release|x86.ActiveCfg = Release|Any CPU
		{053202CA-D1DD-4873-A6AC-D21F71317285}.Release|x86.Build.0 = Release|Any CPU
	EndGlobalSection
	GlobalSection(SolutionProperties) = preSolution
		HideSolutionNode = FALSE
	EndGlobalSection
	GlobalSection(NestedProjects) = preSolution
		{91C4D4A1-47E4-4D0F-84DF-59B418399072} = {3E679EF6-BCC6-4FB0-A62F-F51F7684D736}
		{A306AF29-455C-4864-898A-B597C8C3C6A1} = {3E679EF6-BCC6-4FB0-A62F-F51F7684D736}
		{F2F861DF-3DE2-4B21-A274-BEA5D47DFE33} = {3E679EF6-BCC6-4FB0-A62F-F51F7684D736}
		{9E2D0012-6F39-4479-9D8F-B951F076669F} = {3E679EF6-BCC6-4FB0-A62F-F51F7684D736}
		{5F410CB6-7D9D-4FA5-A49F-6E499EB4ECFE} = {624234F3-45AA-4089-90B8-211202B51564}
		{AB63C25D-C71B-470A-B39B-B7624A032C4F} = {624234F3-45AA-4089-90B8-211202B51564}
		{29BAFA47-CC9B-4BCC-810D-FB4EC6459DC7} = {624234F3-45AA-4089-90B8-211202B51564}
		{B95165D1-AC4A-4C46-9743-7F690E311798} = {624234F3-45AA-4089-90B8-211202B51564}
		{053202CA-D1DD-4873-A6AC-D21F71317285} = {624234F3-45AA-4089-90B8-211202B51564}
	EndGlobalSection
	GlobalSection(ExtensibilityGlobals) = postSolution
		SolutionGuid = {E207188B-1C80-4179-A7E5-62D1C80B60BE}
	EndGlobalSection
EndGlobal
